
Microsoft Visual Studio Solution File, Format Version 12.00
# Visual Studio Version 17
VisualStudioVersion = 17.1.32421.90
MinimumVisualStudioVersion = 10.0.40219.1
Project("{9A19103F-16F7-4668-BE54-9A1E7A4F7556}") = "OgcApi.Net", "src\Common\OgcApi.Net\OgcApi.Net.csproj", "{7F106F45-79CF-4293-BDAE-DC032C5E9777}"
EndProject
Project("{2150E333-8FDC-42A3-9474-1A3956D46DE8}") = "Solution Items", "Solution Items", "{462A8C0D-5CC8-4A03-8A04-F494E06EB922}"
	ProjectSection(SolutionItems) = preProject
		.editorconfig = .editorconfig
		Directory.Build.props = Directory.Build.props
		LICENSE = LICENSE
		NOTICES.txt = NOTICES.txt
		README.md = README.md
	EndProjectSection
EndProject
Project("{9A19103F-16F7-4668-BE54-9A1E7A4F7556}") = "OgcApi.Net.SqlServer", "src\Providers\OgcApi.Net.SqlServer\OgcApi.Net.SqlServer.csproj", "{656A879F-2D07-4E5A-8D2C-65A31A515B84}"
EndProject
Project("{2150E333-8FDC-42A3-9474-1A3956D46DE8}") = "tests", "tests", "{3BB5EAB4-3F1E-4911-95A8-CCE8EA48FAC9}"
EndProject
Project("{9A19103F-16F7-4668-BE54-9A1E7A4F7556}") = "OgcApi.Net.SqlServer.Tests", "tests\OgcApi.Net.SqlServer.Tests\OgcApi.Net.SqlServer.Tests.csproj", "{8DC0179F-88AE-4974-A0F0-00B5C64966FA}"
EndProject
Project("{2150E333-8FDC-42A3-9474-1A3956D46DE8}") = "samples", "samples", "{BF7D6BFB-A511-417D-9C0C-4707DF1E7D4F}"
EndProject
Project("{9A19103F-16F7-4668-BE54-9A1E7A4F7556}") = "OgcApi.Net.PostGis.Tests", "tests\OgcApi.Net.Postgis.Tests\OgcApi.Net.PostGis.Tests.csproj", "{68A87D43-AB1E-48C1-ABE0-28394D5AA2C9}"
EndProject
Project("{9A19103F-16F7-4668-BE54-9A1E7A4F7556}") = "OgcApi.Net.PostGis", "src\Providers\OgcApi.Net.PostGis\OgcApi.Net.PostGis.csproj", "{AE8CB98D-19AB-49AC-82C1-12BD6C08483D}"
EndProject
Project("{9A19103F-16F7-4668-BE54-9A1E7A4F7556}") = "OgcApi.Net.MbTiles.Tests", "tests\OgcApi.Net.MbTiles.Tests\OgcApi.Net.MbTiles.Tests.csproj", "{94136B91-6CD0-4049-B3BE-D85979CD6571}"
EndProject
Project("{9A19103F-16F7-4668-BE54-9A1E7A4F7556}") = "OgcApi.Net.Options.Tests", "tests\OgcApi.Net.Options.Tests\OgcApi.Net.Options.Tests.csproj", "{5B012609-0E3C-4066-B123-0E27FBE82472}"
EndProject
Project("{9A19103F-16F7-4668-BE54-9A1E7A4F7556}") = "SampleWebApplication", "samples\SampleWebApplication\SampleWebApplication.csproj", "{C3B27CBE-BFAF-4A0C-91F9-72892161BAA8}"
EndProject
Project("{9A19103F-16F7-4668-BE54-9A1E7A4F7556}") = "OgcApi.Net.MbTiles", "src\Providers\OgcApi.Net.MbTiles\OgcApi.Net.MbTiles.csproj", "{1BD86BB2-4B64-48CE-B446-7AFB5CA67B39}"
EndProject
Project("{E53339B2-1760-4266-BCC7-CA923CBCF16C}") = "docker-compose", "samples\docker-compose\docker-compose.dcproj", "{E6B14855-A5EA-4697-BFD9-9D448A0968B3}"
EndProject
Project("{FAE04EC0-301F-11D3-BF4B-00C04F79EFBC}") = "OgcApi.Net.SpatiaLite.Tests", "tests\OgcApi.Net.SpatiaLite.Tests\OgcApi.Net.SpatiaLite.Tests.csproj", "{631ED134-8063-43AB-AC00-FC1A2F0CAC37}"
EndProject
Project("{FAE04EC0-301F-11D3-BF4B-00C04F79EFBC}") = "OgcApi.Net.SpatiaLite", "src\Providers\OgcApi.Net.SpatiaLite\OgcApi.Net.SpatiaLite.csproj", "{DE7DACB3-C830-437F-B9AC-34D12E064AA2}"
EndProject
Project("{FAE04EC0-301F-11D3-BF4B-00C04F79EFBC}") = "OgcApi.Net.Schemas.Tests", "tests\OgcApi.Net.Schemas.Tests\OgcApi.Net.Schemas.Tests.csproj", "{6015EF18-C418-483F-84BA-756C04AEBD0C}"
EndProject
Project("{2150E333-8FDC-42A3-9474-1A3956D46DE8}") = "src", "src", "{02EA681E-C7D8-13C7-8484-4AC65E1B71E8}"
EndProject
Project("{2150E333-8FDC-42A3-9474-1A3956D46DE8}") = "Common", "Common", "{3CCBD64E-12FA-4BC0-97E1-2C3BD1B106A2}"
EndProject
Project("{2150E333-8FDC-42A3-9474-1A3956D46DE8}") = "Standards", "Standards", "{B29E1B67-540F-4C13-8618-1D96A1EA10AE}"
EndProject
Project("{2150E333-8FDC-42A3-9474-1A3956D46DE8}") = "Providers", "Providers", "{5F532E5A-061A-46F3-B9B2-48FDEDACA63D}"
EndProject
Project("{FAE04EC0-301F-11D3-BF4B-00C04F79EFBC}") = "OgcApi.Net.Schemas", "src\Common\Standards\OgcApi.Net.Schemas\OgcApi.Net.Schemas.csproj", "{139B75DA-7F72-4E8D-87BE-E46B5444F409}"
EndProject
Global
	GlobalSection(SolutionConfigurationPlatforms) = preSolution
		Debug|Any CPU = Debug|Any CPU
		Release|Any CPU = Release|Any CPU
	EndGlobalSection
	GlobalSection(ProjectConfigurationPlatforms) = postSolution
		{7F106F45-79CF-4293-BDAE-DC032C5E9777}.Debug|Any CPU.ActiveCfg = Debug|Any CPU
		{7F106F45-79CF-4293-BDAE-DC032C5E9777}.Debug|Any CPU.Build.0 = Debug|Any CPU
		{7F106F45-79CF-4293-BDAE-DC032C5E9777}.Release|Any CPU.ActiveCfg = Release|Any CPU
		{7F106F45-79CF-4293-BDAE-DC032C5E9777}.Release|Any CPU.Build.0 = Release|Any CPU
		{656A879F-2D07-4E5A-8D2C-65A31A515B84}.Debug|Any CPU.ActiveCfg = Debug|Any CPU
		{656A879F-2D07-4E5A-8D2C-65A31A515B84}.Debug|Any CPU.Build.0 = Debug|Any CPU
		{656A879F-2D07-4E5A-8D2C-65A31A515B84}.Release|Any CPU.ActiveCfg = Release|Any CPU
		{656A879F-2D07-4E5A-8D2C-65A31A515B84}.Release|Any CPU.Build.0 = Release|Any CPU
		{8DC0179F-88AE-4974-A0F0-00B5C64966FA}.Debug|Any CPU.ActiveCfg = Debug|Any CPU
		{8DC0179F-88AE-4974-A0F0-00B5C64966FA}.Debug|Any CPU.Build.0 = Debug|Any CPU
		{8DC0179F-88AE-4974-A0F0-00B5C64966FA}.Release|Any CPU.ActiveCfg = Release|Any CPU
		{8DC0179F-88AE-4974-A0F0-00B5C64966FA}.Release|Any CPU.Build.0 = Release|Any CPU
		{68A87D43-AB1E-48C1-ABE0-28394D5AA2C9}.Debug|Any CPU.ActiveCfg = Debug|Any CPU
		{68A87D43-AB1E-48C1-ABE0-28394D5AA2C9}.Debug|Any CPU.Build.0 = Debug|Any CPU
		{68A87D43-AB1E-48C1-ABE0-28394D5AA2C9}.Release|Any CPU.ActiveCfg = Release|Any CPU
		{68A87D43-AB1E-48C1-ABE0-28394D5AA2C9}.Release|Any CPU.Build.0 = Release|Any CPU
		{AE8CB98D-19AB-49AC-82C1-12BD6C08483D}.Debug|Any CPU.ActiveCfg = Debug|Any CPU
		{AE8CB98D-19AB-49AC-82C1-12BD6C08483D}.Debug|Any CPU.Build.0 = Debug|Any CPU
		{AE8CB98D-19AB-49AC-82C1-12BD6C08483D}.Release|Any CPU.ActiveCfg = Release|Any CPU
		{AE8CB98D-19AB-49AC-82C1-12BD6C08483D}.Release|Any CPU.Build.0 = Release|Any CPU
		{94136B91-6CD0-4049-B3BE-D85979CD6571}.Debug|Any CPU.ActiveCfg = Debug|Any CPU
		{94136B91-6CD0-4049-B3BE-D85979CD6571}.Debug|Any CPU.Build.0 = Debug|Any CPU
		{94136B91-6CD0-4049-B3BE-D85979CD6571}.Release|Any CPU.ActiveCfg = Release|Any CPU
		{94136B91-6CD0-4049-B3BE-D85979CD6571}.Release|Any CPU.Build.0 = Release|Any CPU
		{5B012609-0E3C-4066-B123-0E27FBE82472}.Debug|Any CPU.ActiveCfg = Debug|Any CPU
		{5B012609-0E3C-4066-B123-0E27FBE82472}.Debug|Any CPU.Build.0 = Debug|Any CPU
		{5B012609-0E3C-4066-B123-0E27FBE82472}.Release|Any CPU.ActiveCfg = Release|Any CPU
		{5B012609-0E3C-4066-B123-0E27FBE82472}.Release|Any CPU.Build.0 = Release|Any CPU
		{C3B27CBE-BFAF-4A0C-91F9-72892161BAA8}.Debug|Any CPU.ActiveCfg = Debug|Any CPU
		{C3B27CBE-BFAF-4A0C-91F9-72892161BAA8}.Debug|Any CPU.Build.0 = Debug|Any CPU
		{C3B27CBE-BFAF-4A0C-91F9-72892161BAA8}.Release|Any CPU.ActiveCfg = Release|Any CPU
		{C3B27CBE-BFAF-4A0C-91F9-72892161BAA8}.Release|Any CPU.Build.0 = Release|Any CPU
		{1BD86BB2-4B64-48CE-B446-7AFB5CA67B39}.Debug|Any CPU.ActiveCfg = Debug|Any CPU
		{1BD86BB2-4B64-48CE-B446-7AFB5CA67B39}.Debug|Any CPU.Build.0 = Debug|Any CPU
		{1BD86BB2-4B64-48CE-B446-7AFB5CA67B39}.Release|Any CPU.ActiveCfg = Release|Any CPU
		{1BD86BB2-4B64-48CE-B446-7AFB5CA67B39}.Release|Any CPU.Build.0 = Release|Any CPU
		{E6B14855-A5EA-4697-BFD9-9D448A0968B3}.Debug|Any CPU.ActiveCfg = Debug|Any CPU
		{E6B14855-A5EA-4697-BFD9-9D448A0968B3}.Debug|Any CPU.Build.0 = Debug|Any CPU
		{E6B14855-A5EA-4697-BFD9-9D448A0968B3}.Release|Any CPU.ActiveCfg = Release|Any CPU
		{E6B14855-A5EA-4697-BFD9-9D448A0968B3}.Release|Any CPU.Build.0 = Release|Any CPU
		{631ED134-8063-43AB-AC00-FC1A2F0CAC37}.Debug|Any CPU.ActiveCfg = Debug|Any CPU
		{631ED134-8063-43AB-AC00-FC1A2F0CAC37}.Debug|Any CPU.Build.0 = Debug|Any CPU
		{631ED134-8063-43AB-AC00-FC1A2F0CAC37}.Release|Any CPU.ActiveCfg = Release|Any CPU
		{631ED134-8063-43AB-AC00-FC1A2F0CAC37}.Release|Any CPU.Build.0 = Release|Any CPU
		{DE7DACB3-C830-437F-B9AC-34D12E064AA2}.Debug|Any CPU.ActiveCfg = Debug|Any CPU
		{DE7DACB3-C830-437F-B9AC-34D12E064AA2}.Debug|Any CPU.Build.0 = Debug|Any CPU
		{DE7DACB3-C830-437F-B9AC-34D12E064AA2}.Release|Any CPU.ActiveCfg = Release|Any CPU
		{DE7DACB3-C830-437F-B9AC-34D12E064AA2}.Release|Any CPU.Build.0 = Release|Any CPU
		{6015EF18-C418-483F-84BA-756C04AEBD0C}.Debug|Any CPU.ActiveCfg = Debug|Any CPU
		{6015EF18-C418-483F-84BA-756C04AEBD0C}.Debug|Any CPU.Build.0 = Debug|Any CPU
		{6015EF18-C418-483F-84BA-756C04AEBD0C}.Release|Any CPU.ActiveCfg = Release|Any CPU
		{6015EF18-C418-483F-84BA-756C04AEBD0C}.Release|Any CPU.Build.0 = Release|Any CPU
		{139B75DA-7F72-4E8D-87BE-E46B5444F409}.Debug|Any CPU.ActiveCfg = Debug|Any CPU
		{139B75DA-7F72-4E8D-87BE-E46B5444F409}.Debug|Any CPU.Build.0 = Debug|Any CPU
		{139B75DA-7F72-4E8D-87BE-E46B5444F409}.Release|Any CPU.ActiveCfg = Release|Any CPU
		{139B75DA-7F72-4E8D-87BE-E46B5444F409}.Release|Any CPU.Build.0 = Release|Any CPU
	EndGlobalSection
	GlobalSection(SolutionProperties) = preSolution
		HideSolutionNode = FALSE
	EndGlobalSection
	GlobalSection(NestedProjects) = preSolution
		{7F106F45-79CF-4293-BDAE-DC032C5E9777} = {3CCBD64E-12FA-4BC0-97E1-2C3BD1B106A2}
		{656A879F-2D07-4E5A-8D2C-65A31A515B84} = {5F532E5A-061A-46F3-B9B2-48FDEDACA63D}
		{8DC0179F-88AE-4974-A0F0-00B5C64966FA} = {3BB5EAB4-3F1E-4911-95A8-CCE8EA48FAC9}
		{68A87D43-AB1E-48C1-ABE0-28394D5AA2C9} = {3BB5EAB4-3F1E-4911-95A8-CCE8EA48FAC9}
		{AE8CB98D-19AB-49AC-82C1-12BD6C08483D} = {5F532E5A-061A-46F3-B9B2-48FDEDACA63D}
		{94136B91-6CD0-4049-B3BE-D85979CD6571} = {3BB5EAB4-3F1E-4911-95A8-CCE8EA48FAC9}
		{5B012609-0E3C-4066-B123-0E27FBE82472} = {3BB5EAB4-3F1E-4911-95A8-CCE8EA48FAC9}
		{C3B27CBE-BFAF-4A0C-91F9-72892161BAA8} = {BF7D6BFB-A511-417D-9C0C-4707DF1E7D4F}
		{1BD86BB2-4B64-48CE-B446-7AFB5CA67B39} = {5F532E5A-061A-46F3-B9B2-48FDEDACA63D}
		{E6B14855-A5EA-4697-BFD9-9D448A0968B3} = {BF7D6BFB-A511-417D-9C0C-4707DF1E7D4F}
		{631ED134-8063-43AB-AC00-FC1A2F0CAC37} = {3BB5EAB4-3F1E-4911-95A8-CCE8EA48FAC9}
		{DE7DACB3-C830-437F-B9AC-34D12E064AA2} = {5F532E5A-061A-46F3-B9B2-48FDEDACA63D}
		{6015EF18-C418-483F-84BA-756C04AEBD0C} = {3BB5EAB4-3F1E-4911-95A8-CCE8EA48FAC9}
		{3CCBD64E-12FA-4BC0-97E1-2C3BD1B106A2} = {02EA681E-C7D8-13C7-8484-4AC65E1B71E8}
		{B29E1B67-540F-4C13-8618-1D96A1EA10AE} = {3CCBD64E-12FA-4BC0-97E1-2C3BD1B106A2}
		{5F532E5A-061A-46F3-B9B2-48FDEDACA63D} = {02EA681E-C7D8-13C7-8484-4AC65E1B71E8}
		{139B75DA-7F72-4E8D-87BE-E46B5444F409} = {B29E1B67-540F-4C13-8618-1D96A1EA10AE}
	EndGlobalSection
	GlobalSection(ExtensibilityGlobals) = postSolution
		SolutionGuid = {08E94841-4EB6-46AC-A9E2-F2D6AF5C249B}
	EndGlobalSection
EndGlobal
